
Microsoft Visual Studio Solution File, Format Version 12.00
# Visual Studio Version 17
VisualStudioVersion = 17.1.32228.430
MinimumVisualStudioVersion = 10.0.40219.1
Project("{FAE04EC0-301F-11D3-BF4B-00C04F79EFBC}") = "StringSimilarityDemo", "StringSimilarityDemo\StringSimilarityDemo.csproj", "{BA87B8F1-C984-437F-A8D6-8409294D37D8}"
EndProject
Project("{2150E333-8FDC-42A3-9474-1A3956D46DE8}") = "PredownloadedFiles", "PredownloadedFiles", "{C95A1FA1-987C-479C-8471-2EA243B4CD8E}"
	ProjectSection(SolutionItems) = preProject
		StringSimilarityDemo\LastPrhCompanyInfoSearchResult.7z = StringSimilarityDemo\LastPrhCompanyInfoSearchResult.7z
	EndProjectSection
EndProject
Global
	GlobalSection(SolutionConfigurationPlatforms) = preSolution
		Debug|Any CPU = Debug|Any CPU
		Release|Any CPU = Release|Any CPU
	EndGlobalSection
	GlobalSection(ProjectConfigurationPlatforms) = postSolution
		{BA87B8F1-C984-437F-A8D6-8409294D37D8}.Debug|Any CPU.ActiveCfg = Debug|Any CPU
		{BA87B8F1-C984-437F-A8D6-8409294D37D8}.Debug|Any CPU.Build.0 = Debug|Any CPU
		{BA87B8F1-C984-437F-A8D6-8409294D37D8}.Release|Any CPU.ActiveCfg = Release|Any CPU
		{BA87B8F1-C984-437F-A8D6-8409294D37D8}.Release|Any CPU.Build.0 = Release|Any CPU
	EndGlobalSection
	GlobalSection(SolutionProperties) = preSolution
		HideSolutionNode = FALSE
	EndGlobalSection
	GlobalSection(ExtensibilityGlobals) = postSolution
		SolutionGuid = {43196DB5-140B-4865-8508-2282D8B5E493}
	EndGlobalSection
EndGlobal
